
Microsoft Visual Studio Solution File, Format Version 12.00
# Visual Studio Version 17
VisualStudioVersion = 17.1.32414.318
MinimumVisualStudioVersion = 10.0.40219.1
Project("{FAE04EC0-301F-11D3-BF4B-00C04F79EFBC}") = "CheckersEngine", "CheckersEngine\CheckersEngine.csproj", "{2D9A76F5-ADA4-4A99-AB66-D94A6ABE34ED}"
EndProject
Project("{FAE04EC0-301F-11D3-BF4B-00C04F79EFBC}") = "CheckersGUI", "CheckersGUI\CheckersGUI.csproj", "{976BD282-51DC-4CD2-B6C9-F7E56E2615A7}"
EndProject
Global
	GlobalSection(SolutionConfigurationPlatforms) = preSolution
		Debug|Any CPU = Debug|Any CPU
		Release|Any CPU = Release|Any CPU
	EndGlobalSection
	GlobalSection(ProjectConfigurationPlatforms) = postSolution
		{2D9A76F5-ADA4-4A99-AB66-D94A6ABE34ED}.Debug|Any CPU.ActiveCfg = Debug|Any CPU
		{2D9A76F5-ADA4-4A99-AB66-D94A6ABE34ED}.Debug|Any CPU.Build.0 = Debug|Any CPU
		{2D9A76F5-ADA4-4A99-AB66-D94A6ABE34ED}.Release|Any CPU.ActiveCfg = Release|Any CPU
		{2D9A76F5-ADA4-4A99-AB66-D94A6ABE34ED}.Release|Any CPU.Build.0 = Release|Any CPU
		{976BD282-51DC-4CD2-B6C9-F7E56E2615A7}.Debug|Any CPU.ActiveCfg = Debug|Any CPU
		{976BD282-51DC-4CD2-B6C9-F7E56E2615A7}.Debug|Any CPU.Build.0 = Debug|Any CPU
		{976BD282-51DC-4CD2-B6C9-F7E56E2615A7}.Release|Any CPU.ActiveCfg = Release|Any CPU
		{976BD282-51DC-4CD2-B6C9-F7E56E2615A7}.Release|Any CPU.Build.0 = Release|Any CPU
	EndGlobalSection
	GlobalSection(SolutionProperties) = preSolution
		HideSolutionNode = FALSE
	EndGlobalSection
	GlobalSection(ExtensibilityGlobals) = postSolution
		SolutionGuid = {E6E86C96-DB28-42A1-972D-1876CB081B02}
	EndGlobalSection
EndGlobal
